
Microsoft Visual Studio Solution File, Format Version 12.00
# Visual Studio Version 17
VisualStudioVersion = 17.3.32929.385
MinimumVisualStudioVersion = 10.0.40219.1
Project("{FAE04EC0-301F-11D3-BF4B-00C04F79EFBC}") = "CityInfo.API", "CityInfo.API\CityInfo.API.csproj", "{882D088C-1BCD-4944-82E0-0E475D72CEA2}"
EndProject
Global
	GlobalSection(SolutionConfigurationPlatforms) = preSolution
		Debug|Any CPU = Debug|Any CPU
		Release|Any CPU = Release|Any CPU
	EndGlobalSection
	GlobalSection(ProjectConfigurationPlatforms) = postSolution
		{882D088C-1BCD-4944-82E0-0E475D72CEA2}.Debug|Any CPU.ActiveCfg = Debug|Any CPU
		{882D088C-1BCD-4944-82E0-0E475D72CEA2}.Debug|Any CPU.Build.0 = Debug|Any CPU
		{882D088C-1BCD-4944-82E0-0E475D72CEA2}.Release|Any CPU.ActiveCfg = Release|Any CPU
		{882D088C-1BCD-4944-82E0-0E475D72CEA2}.Release|Any CPU.Build.0 = Release|Any CPU
	EndGlobalSection
	GlobalSection(SolutionProperties) = preSolution
		HideSolutionNode = FALSE
	EndGlobalSection
	GlobalSection(ExtensibilityGlobals) = postSolution
		SolutionGuid = {A4986410-6CE9-4619-BB0D-55573B9BA843}
	EndGlobalSection
EndGlobal
